
Microsoft Visual Studio Solution File, Format Version 12.00
# Visual Studio Version 17
VisualStudioVersion = 17.4.33213.308
MinimumVisualStudioVersion = 10.0.40219.1
Project("{FAE04EC0-301F-11D3-BF4B-00C04F79EFBC}") = "Promomash.AngularUI", "AngularTest.UI\Promomash.AngularUI.csproj", "{0236ECF3-891F-49BE-BC94-E3FEBB3B1561}"
EndProject
Project("{9A19103F-16F7-4668-BE54-9A1E7A4F7556}") = "Promomash.UserRepository", "UserRepository\Promomash.UserRepository.csproj", "{2D1961E4-6B14-48E0-AD78-23580208B122}"
EndProject
Project("{9A19103F-16F7-4668-BE54-9A1E7A4F7556}") = "Promomash.UserRepository.Tests", "UserRepository.Tests\Promomash.UserRepository.Tests.csproj", "{828E6BFE-8869-41CB-A3FC-5AC9E570CF1E}"
EndProject
Global
	GlobalSection(SolutionConfigurationPlatforms) = preSolution
		Debug|Any CPU = Debug|Any CPU
		Release|Any CPU = Release|Any CPU
	EndGlobalSection
	GlobalSection(ProjectConfigurationPlatforms) = postSolution
		{0236ECF3-891F-49BE-BC94-E3FEBB3B1561}.Debug|Any CPU.ActiveCfg = Debug|Any CPU
		{0236ECF3-891F-49BE-BC94-E3FEBB3B1561}.Debug|Any CPU.Build.0 = Debug|Any CPU
		{0236ECF3-891F-49BE-BC94-E3FEBB3B1561}.Release|Any CPU.ActiveCfg = Release|Any CPU
		{0236ECF3-891F-49BE-BC94-E3FEBB3B1561}.Release|Any CPU.Build.0 = Release|Any CPU
		{2D1961E4-6B14-48E0-AD78-23580208B122}.Debug|Any CPU.ActiveCfg = Debug|Any CPU
		{2D1961E4-6B14-48E0-AD78-23580208B122}.Debug|Any CPU.Build.0 = Debug|Any CPU
		{2D1961E4-6B14-48E0-AD78-23580208B122}.Release|Any CPU.ActiveCfg = Release|Any CPU
		{2D1961E4-6B14-48E0-AD78-23580208B122}.Release|Any CPU.Build.0 = Release|Any CPU
		{828E6BFE-8869-41CB-A3FC-5AC9E570CF1E}.Debug|Any CPU.ActiveCfg = Debug|Any CPU
		{828E6BFE-8869-41CB-A3FC-5AC9E570CF1E}.Debug|Any CPU.Build.0 = Debug|Any CPU
		{828E6BFE-8869-41CB-A3FC-5AC9E570CF1E}.Release|Any CPU.ActiveCfg = Release|Any CPU
		{828E6BFE-8869-41CB-A3FC-5AC9E570CF1E}.Release|Any CPU.Build.0 = Release|Any CPU
	EndGlobalSection
	GlobalSection(SolutionProperties) = preSolution
		HideSolutionNode = FALSE
	EndGlobalSection
	GlobalSection(ExtensibilityGlobals) = postSolution
		SolutionGuid = {0C08FA47-BA0C-4F1D-8D75-2B5BB9A6D76F}
	EndGlobalSection
EndGlobal
